
Microsoft Visual Studio Solution File, Format Version 12.00
# Visual Studio Version 16
VisualStudioVersion = 16.0.29123.88
MinimumVisualStudioVersion = 10.0.40219.1
Project("{FAE04EC0-301F-11D3-BF4B-00C04F79EFBC}") = "SquirrelTest", "SquirrelTest\SquirrelTest.csproj", "{1B36BF1A-29EA-49B3-B532-6CA50CFDC551}"
EndProject
Global
	GlobalSection(SolutionConfigurationPlatforms) = preSolution
		Debug|Any CPU = Debug|Any CPU
		Release|Any CPU = Release|Any CPU
	EndGlobalSection
	GlobalSection(ProjectConfigurationPlatforms) = postSolution
		{1B36BF1A-29EA-49B3-B532-6CA50CFDC551}.Debug|Any CPU.ActiveCfg = Debug|Any CPU
		{1B36BF1A-29EA-49B3-B532-6CA50CFDC551}.Debug|Any CPU.Build.0 = Debug|Any CPU
		{1B36BF1A-29EA-49B3-B532-6CA50CFDC551}.Release|Any CPU.ActiveCfg = Release|Any CPU
		{1B36BF1A-29EA-49B3-B532-6CA50CFDC551}.Release|Any CPU.Build.0 = Release|Any CPU
	EndGlobalSection
	GlobalSection(SolutionProperties) = preSolution
		HideSolutionNode = FALSE
	EndGlobalSection
	GlobalSection(ExtensibilityGlobals) = postSolution
		SolutionGuid = {A6A82143-FD8A-435C-9650-3E26A3051867}
	EndGlobalSection
EndGlobal
